PODS:
  - ADTransitionController (1.1.1)
  - AFNetworking (2.6.0):
    - AFNetworking/NSURLConnection (= 2.6.0)
    - AFNetworking/NSURLSession (= 2.6.0)
    - AFNetworking/Reachability (= 2.6.0)
    - AFNetworking/Security (= 2.6.0)
    - AFNetworking/Serialization (= 2.6.0)
    - AFNetworking/UIKit (= 2.6.0)
  - AFNetworking/NSURLConnection (2.6.0):
    - AFNetworking/Reachability
    - AFNetworking/Security
    - AFNetworking/Serialization
  - AFNetworking/NSURLSession (2.6.0):
    - AFNetworking/Reachability
    - AFNetworking/Security
    - AFNetworking/Serialization
  - AFNetworking/Reachability (2.6.0)
  - AFNetworking/Security (2.6.0)
  - AFNetworking/Serialization (2.6.0)
  - AFNetworking/UIKit (2.6.0):
    - AFNetworking/NSURLConnection
    - AFNetworking/NSURLSession
  - CocoaAsyncSocket (7.4.2)
  - CocoaLumberjack (1.9.2):
    - CocoaLumberjack/Extensions (= 1.9.2)
  - CocoaLumberjack/Core (1.9.2)
  - CocoaLumberjack/Extensions (1.9.2):
    - CocoaLumberjack/Core
  - FMDB (2.5):
    - FMDB/standard (= 2.5)
  - FMDB/common (2.5)
  - FMDB/standard (2.5):
    - FMDB/common
  - Masonry (0.6.3)
  - MBProgressHUD (0.9.1)
  - MJRefresh (2.4.11)
  - pop (1.0.8)
  - RZTransitions (1.1.1)
  - SDWebImage (3.7.3):
    - SDWebImage/Core (= 3.7.3)
  - SDWebImage/Core (3.7.3)
  - XMPPFramework (3.6.6):
    - XMPPFramework/Authentication (= 3.6.6)
    - XMPPFramework/BandwidthMonitor (= 3.6.6)
    - XMPPFramework/Categories (= 3.6.6)
    - XMPPFramework/Core (= 3.6.6)
    - XMPPFramework/CoreDataStorage (= 3.6.6)
    - XMPPFramework/GoogleSharedStatus (= 3.6.6)
    - XMPPFramework/KissXML (= 3.6.6)
    - XMPPFramework/ProcessOne (= 3.6.6)
    - XMPPFramework/Reconnect (= 3.6.6)
    - XMPPFramework/Roster (= 3.6.6)
    - XMPPFramework/SystemInputActivityMonitor (= 3.6.6)
    - XMPPFramework/Utilities (= 3.6.6)
    - XMPPFramework/XEP-0009 (= 3.6.6)
    - XMPPFramework/XEP-0012 (= 3.6.6)
    - XMPPFramework/XEP-0016 (= 3.6.6)
    - XMPPFramework/XEP-0045 (= 3.6.6)
    - XMPPFramework/XEP-0054 (= 3.6.6)
    - XMPPFramework/XEP-0059 (= 3.6.6)
    - XMPPFramework/XEP-0060 (= 3.6.6)
    - XMPPFramework/XEP-0065 (= 3.6.6)
    - XMPPFramework/XEP-0066 (= 3.6.6)
    - XMPPFramework/XEP-0082 (= 3.6.6)
    - XMPPFramework/XEP-0085 (= 3.6.6)
    - XMPPFramework/XEP-0092 (= 3.6.6)
    - XMPPFramework/XEP-0100 (= 3.6.6)
    - XMPPFramework/XEP-0106 (= 3.6.6)
    - XMPPFramework/XEP-0115 (= 3.6.6)
    - XMPPFramework/XEP-0136 (= 3.6.6)
    - XMPPFramework/XEP-0153 (= 3.6.6)
    - XMPPFramework/XEP-0172 (= 3.6.6)
    - XMPPFramework/XEP-0184 (= 3.6.6)
    - XMPPFramework/XEP-0191 (= 3.6.6)
    - XMPPFramework/XEP-0198 (= 3.6.6)
    - XMPPFramework/XEP-0199 (= 3.6.6)
    - XMPPFramework/XEP-0202 (= 3.6.6)
    - XMPPFramework/XEP-0203 (= 3.6.6)
    - XMPPFramework/XEP-0223 (= 3.6.6)
    - XMPPFramework/XEP-0224 (= 3.6.6)
    - XMPPFramework/XEP-0280 (= 3.6.6)
    - XMPPFramework/XEP-0297 (= 3.6.6)
    - XMPPFramework/XEP-0308 (= 3.6.6)
    - XMPPFramework/XEP-0333 (= 3.6.6)
    - XMPPFramework/XEP-0335 (= 3.6.6)
  - XMPPFramework/Authentication (3.6.6):
    - XMPPFramework/Core
  - XMPPFramework/BandwidthMonitor (3.6.6):
    - XMPPFramework/Core
  - XMPPFramework/Categories (3.6.6):
    - XMPPFramework/Core
  - XMPPFramework/Core (3.6.6):
    - CocoaAsyncSocket (~> 7.4.1)
    - CocoaLumberjack (~> 1.9)
    - XMPPFramework/KissXML
  - XMPPFramework/CoreDataStorage (3.6.6):
    - XMPPFramework/Core
  - XMPPFramework/GoogleSharedStatus (3.6.6):
    - XMPPFramework/Core
  - XMPPFramework/KissXML (3.6.6)
  - XMPPFramework/ProcessOne (3.6.6):
    - XMPPFramework/Core
  - XMPPFramework/Reconnect (3.6.6):
    - XMPPFramework/Core
  - XMPPFramework/Roster (3.6.6):
    - XMPPFramework/Core
    - XMPPFramework/CoreDataStorage
  - XMPPFramework/SystemInputActivityMonitor (3.6.6):
    - XMPPFramework/Core
  - XMPPFramework/Utilities (3.6.6):
    - XMPPFramework/Core
  - XMPPFramework/XEP-0009 (3.6.6):
    - XMPPFramework/Core
  - XMPPFramework/XEP-0012 (3.6.6):
    - XMPPFramework/Core
  - XMPPFramework/XEP-0016 (3.6.6):
    - XMPPFramework/Core
  - XMPPFramework/XEP-0045 (3.6.6):
    - XMPPFramework/Core
    - XMPPFramework/CoreDataStorage
    - XMPPFramework/XEP-0203
  - XMPPFramework/XEP-0054 (3.6.6):
    - XMPPFramework/Core
    - XMPPFramework/Roster
  - XMPPFramework/XEP-0059 (3.6.6):
    - XMPPFramework/Core
  - XMPPFramework/XEP-0060 (3.6.6):
    - XMPPFramework/Core
  - XMPPFramework/XEP-0065 (3.6.6):
    - XMPPFramework/Core
  - XMPPFramework/XEP-0066 (3.6.6):
    - XMPPFramework/Core
  - XMPPFramework/XEP-0082 (3.6.6):
    - XMPPFramework/Core
  - XMPPFramework/XEP-0085 (3.6.6):
    - XMPPFramework/Core
  - XMPPFramework/XEP-0092 (3.6.6):
    - XMPPFramework/Core
  - XMPPFramework/XEP-0100 (3.6.6):
    - XMPPFramework/Core
  - XMPPFramework/XEP-0106 (3.6.6):
    - XMPPFramework/Core
  - XMPPFramework/XEP-0115 (3.6.6):
    - XMPPFramework/Core
    - XMPPFramework/CoreDataStorage
  - XMPPFramework/XEP-0136 (3.6.6):
    - XMPPFramework/CoreDataStorage
    - XMPPFramework/XEP-0085
    - XMPPFramework/XEP-0203
  - XMPPFramework/XEP-0153 (3.6.6):
    - XMPPFramework/Core
    - XMPPFramework/XEP-0054
  - XMPPFramework/XEP-0172 (3.6.6):
    - XMPPFramework/Core
  - XMPPFramework/XEP-0184 (3.6.6):
    - XMPPFramework/Core
  - XMPPFramework/XEP-0191 (3.6.6):
    - XMPPFramework/Core
  - XMPPFramework/XEP-0198 (3.6.6):
    - XMPPFramework/Core
  - XMPPFramework/XEP-0199 (3.6.6):
    - XMPPFramework/Core
  - XMPPFramework/XEP-0202 (3.6.6):
    - XMPPFramework/Core
    - XMPPFramework/XEP-0082
  - XMPPFramework/XEP-0203 (3.6.6):
    - XMPPFramework/Core
    - XMPPFramework/XEP-0082
  - XMPPFramework/XEP-0223 (3.6.6):
    - XMPPFramework/Core
  - XMPPFramework/XEP-0224 (3.6.6):
    - XMPPFramework/Core
  - XMPPFramework/XEP-0280 (3.6.6):
    - XMPPFramework/Core
  - XMPPFramework/XEP-0297 (3.6.6):
    - XMPPFramework/Core
    - XMPPFramework/XEP-0203
  - XMPPFramework/XEP-0308 (3.6.6):
    - XMPPFramework/Core
  - XMPPFramework/XEP-0333 (3.6.6):
    - XMPPFramework/Core
  - XMPPFramework/XEP-0335 (3.6.6):
    - XMPPFramework/Core

DEPENDENCIES:
  - ADTransitionController
  - AFNetworking
  - FMDB
  - Masonry
  - MBProgressHUD
  - MJRefresh
  - pop
  - RZTransitions
  - SDWebImage
  - XMPPFramework

SPEC CHECKSUMS:
  ADTransitionController: 72299d31488bcbe59fb87c483a89a637ebc819f8
  AFNetworking: 79f7eb1a0fcfa7beb409332b2ca49afe9ce53b05
  CocoaAsyncSocket: f5783bdedd232d91b89769bc4b5a1580aed518ad
  CocoaLumberjack: 628fca2e88ef06f7cf6817309aa405f325d9a6fa
  FMDB: 96e8f1bcc1329e269330f99770ad4285d9003e52
  Masonry: ff105a956abcd19a618b2028b121cb638d7a8e2f
  MBProgressHUD: c47f2c166c126cf2ce36498d80f33e754d4e93ad
  MJRefresh: b327947f35ab3eb16ca42646b26f7347e6aa7186
  pop: bb773ae2c791ca2629de13b347e7a8b450fa6a57
  RZTransitions: d3a1ad40f580eaee5aeecd55688e4280e8dca976
  SDWebImage: 1d2b1a1efda1ade1b00b6f8498865f8ddedc8a84
  XMPPFramework: b06c210b0b71c08aa41a646bffd2021fa43bb43b

COCOAPODS: 0.38.2
